// !$*UTF8*$!
{
	archiveVersion = 1;
	classes = {
	};
	objectVersion = 46;
	objects = {

/* Begin PBXBuildFile section */
		995505611F66C3570019ECC5 /* SettingsViewController.swift in Sources */ = {isa = PBXBuildFile; fileRef = 995505601F66C3570019ECC5 /* SettingsViewController.swift */; };
		995505631F66C3710019ECC5 /* FinderViewController.swift in Sources */ = {isa = PBXBuildFile; fileRef = 995505621F66C3710019ECC5 /* FinderViewController.swift */; };
		995505651F66C37B0019ECC5 /* MatchesViewController.swift in Sources */ = {isa = PBXBuildFile; fileRef = 995505641F66C37B0019ECC5 /* MatchesViewController.swift */; };
		995505671F66C3820019ECC5 /* ChatViewController.swift in Sources */ = {isa = PBXBuildFile; fileRef = 995505661F66C3820019ECC5 /* ChatViewController.swift */; };
		995505691F66CAA50019ECC5 /* TMUser.swift in Sources */ = {isa = PBXBuildFile; fileRef = 995505681F66CAA50019ECC5 /* TMUser.swift */; };
		9955056D1F66CCBC0019ECC5 /* TopicsSelectionTableViewController.swift in Sources */ = {isa = PBXBuildFile; fileRef = 9955056C1F66CCBC0019ECC5 /* TopicsSelectionTableViewController.swift */; };
		9955056F1F66F1880019ECC5 /* MatchesStorage.swift in Sources */ = {isa = PBXBuildFile; fileRef = 9955056E1F66F1880019ECC5 /* MatchesStorage.swift */; };
		995505711F66F2020019ECC5 /* Match.swift in Sources */ = {isa = PBXBuildFile; fileRef = 995505701F66F2020019ECC5 /* Match.swift */; };
		995505731F66F5720019ECC5 /* ChatStorage.swift in Sources */ = {isa = PBXBuildFile; fileRef = 995505721F66F5720019ECC5 /* ChatStorage.swift */; };
		995505751F66FE4A0019ECC5 /* LocationService.swift in Sources */ = {isa = PBXBuildFile; fileRef = 995505741F66FE4A0019ECC5 /* LocationService.swift */; };
		995505771F6709810019ECC5 /* ChatTableViewCell.swift in Sources */ = {isa = PBXBuildFile; fileRef = 995505761F6709810019ECC5 /* ChatTableViewCell.swift */; };
		995505791F670A510019ECC5 /* MatchesTableViewCell.swift in Sources */ = {isa = PBXBuildFile; fileRef = 995505781F670A510019ECC5 /* MatchesTableViewCell.swift */; };
		99593A461F67E47C001EE2E1 /* UIImageView+Rounded.swift in Sources */ = {isa = PBXBuildFile; fileRef = 99593A451F67E47C001EE2E1 /* UIImageView+Rounded.swift */; };
		99593A481F6824AA001EE2E1 /* FinderDatasource.swift in Sources */ = {isa = PBXBuildFile; fileRef = 99593A471F6824AA001EE2E1 /* FinderDatasource.swift */; };
		99593A4A1F6849DE001EE2E1 /* Constants.swift in Sources */ = {isa = PBXBuildFile; fileRef = 99593A491F6849DE001EE2E1 /* Constants.swift */; };
		99593A4C1F684C60001EE2E1 /* UIUtils.swift in Sources */ = {isa = PBXBuildFile; fileRef = 99593A4B1F684C60001EE2E1 /* UIUtils.swift */; };
		996C20FB1F66AD4D004291C1 /* AppDelegate.swift in Sources */ = {isa = PBXBuildFile; fileRef = 996C20FA1F66AD4D004291C1 /* AppDelegate.swift */; };
		996C21001F66AD4D004291C1 /* Main.storyboard in Resources */ = {isa = PBXBuildFile; fileRef = 996C20FE1F66AD4D004291C1 /* Main.storyboard */; };
		996C21021F66AD4D004291C1 /* Assets.xcassets in Resources */ = {isa = PBXBuildFile; fileRef = 996C21011F66AD4D004291C1 /* Assets.xcassets */; };
		996C21051F66AD4D004291C1 /* LaunchScreen.storyboard in Resources */ = {isa = PBXBuildFile; fileRef = 996C21031F66AD4D004291C1 /* LaunchScreen.storyboard */; };
		99B0C5041F66B7D300347235 /* LoginViewController.swift in Sources */ = {isa = PBXBuildFile; fileRef = 99B0C5031F66B7D300347235 /* LoginViewController.swift */; };
		99DA77DB1F66B4F2009D96FE /* GoogleService-Info.plist in Resources */ = {isa = PBXBuildFile; fileRef = 99DA77DA1F66B4F2009D96FE /* GoogleService-Info.plist */; };
		C2E4478FAEAD9DC9416395B3 /* Pods_tech_matcher.framework in Frameworks */ = {isa = PBXBuildFile; fileRef = 45526E6469A2A456183AA3B3 /* Pods_tech_matcher.framework */; };
/* End PBXBuildFile section */

/* Begin PBXFileReference section */
		0FAEE96F8B51903C0BE66C79 /* Pods-tech-matcher.release.xcconfig */ = {isa = PBXFileReference; includeInIndex = 1; lastKnownFileType = text.xcconfig; name = "Pods-tech-matcher.release.xcconfig"; path = "Pods/Target Support Files/Pods-tech-matcher/Pods-tech-matcher.release.xcconfig"; sourceTree = "<group>"; };
		45526E6469A2A456183AA3B3 /* Pods_tech_matcher.framework */ = {isa = PBXFileReference; explicitFileType = wrapper.framework; includeInIndex = 0; path = Pods_tech_matcher.framework; sourceTree = BUILT_PRODUCTS_DIR; };
		995505601F66C3570019ECC5 /* SettingsViewController.swift */ = {isa = PBXFileReference; fileEncoding = 4; lastKnownFileType = sourcecode.swift; path = SettingsViewController.swift; sourceTree = "<group>"; };
		995505621F66C3710019ECC5 /* FinderViewController.swift */ = {isa = PBXFileReference; fileEncoding = 4; lastKnownFileType = sourcecode.swift; path = FinderViewController.swift; sourceTree = "<group>"; };
		995505641F66C37B0019ECC5 /* MatchesViewController.swift */ = {isa = PBXFileReference; fileEncoding = 4; lastKnownFileType = sourcecode.swift; path = MatchesViewController.swift; sourceTree = "<group>"; };
		995505661F66C3820019ECC5 /* ChatViewController.swift */ = {isa = PBXFileReference; fileEncoding = 4; lastKnownFileType = sourcecode.swift; path = ChatViewController.swift; sourceTree = "<group>"; };
		995505681F66CAA50019ECC5 /* TMUser.swift */ = {isa = PBXFileReference; fileEncoding = 4; lastKnownFileType = sourcecode.swift; path = TMUser.swift; sourceTree = "<group>"; };
		9955056C1F66CCBC0019ECC5 /* TopicsSelectionTableViewController.swift */ = {isa = PBXFileReference; fileEncoding = 4; lastKnownFileType = sourcecode.swift; path = TopicsSelectionTableViewController.swift; sourceTree = "<group>"; };
		9955056E1F66F1880019ECC5 /* MatchesStorage.swift */ = {isa = PBXFileReference; fileEncoding = 4; lastKnownFileType = sourcecode.swift; path = MatchesStorage.swift; sourceTree = "<group>"; };
		995505701F66F2020019ECC5 /* Match.swift */ = {isa = PBXFileReference; fileEncoding = 4; lastKnownFileType = sourcecode.swift; path = Match.swift; sourceTree = "<group>"; };
		995505721F66F5720019ECC5 /* ChatStorage.swift */ = {isa = PBXFileReference; fileEncoding = 4; lastKnownFileType = sourcecode.swift; path = ChatStorage.swift; sourceTree = "<group>"; };
		995505741F66FE4A0019ECC5 /* LocationService.swift */ = {isa = PBXFileReference; fileEncoding = 4; lastKnownFileType = sourcecode.swift; path = LocationService.swift; sourceTree = "<group>"; };
		995505761F6709810019ECC5 /* ChatTableViewCell.swift */ = {isa = PBXFileReference; fileEncoding = 4; lastKnownFileType = sourcecode.swift; path = ChatTableViewCell.swift; sourceTree = "<group>"; };
		995505781F670A510019ECC5 /* MatchesTableViewCell.swift */ = {isa = PBXFileReference; fileEncoding = 4; lastKnownFileType = sourcecode.swift; path = MatchesTableViewCell.swift; sourceTree = "<group>"; };
		99593A451F67E47C001EE2E1 /* UIImageView+Rounded.swift */ = {isa = PBXFileReference; fileEncoding = 4; lastKnownFileType = sourcecode.swift; path = "UIImageView+Rounded.swift"; sourceTree = "<group>"; };
		99593A471F6824AA001EE2E1 /* FinderDatasource.swift */ = {isa = PBXFileReference; fileEncoding = 4; lastKnownFileType = sourcecode.swift; path = FinderDatasource.swift; sourceTree = "<group>"; };
		99593A491F6849DE001EE2E1 /* Constants.swift */ = {isa = PBXFileReference; fileEncoding = 4; lastKnownFileType = sourcecode.swift; path = Constants.swift; sourceTree = "<group>"; };
		99593A4B1F684C60001EE2E1 /* UIUtils.swift */ = {isa = PBXFileReference; fileEncoding = 4; lastKnownFileType = sourcecode.swift; path = UIUtils.swift; sourceTree = "<group>"; };
		996C20F71F66AD4D004291C1 /* tech-matcher.app */ = {isa = PBXFileReference; explicitFileType = wrapper.application; includeInIndex = 0; path = "tech-matcher.app"; sourceTree = BUILT_PRODUCTS_DIR; };
		996C20FA1F66AD4D004291C1 /* AppDelegate.swift */ = {isa = PBXFileReference; lastKnownFileType = sourcecode.swift; name = AppDelegate.swift; path = "tech-matcher/AppDelegate.swift"; sourceTree = "<group>"; };
		996C20FF1F66AD4D004291C1 /* Base */ = {isa = PBXFileReference; lastKnownFileType = file.storyboard; name = Base; path = Base.lproj/Main.storyboard; sourceTree = "<group>"; };
		996C21011F66AD4D004291C1 /* Assets.xcassets */ = {isa = PBXFileReference; lastKnownFileType = folder.assetcatalog; name = Assets.xcassets; path = "tech-matcher/Assets.xcassets"; sourceTree = "<group>"; };
		996C21041F66AD4D004291C1 /* Base */ = {isa = PBXFileReference; lastKnownFileType = file.storyboard; name = Base; path = Base.lproj/LaunchScreen.storyboard; sourceTree = "<group>"; };
		996C21061F66AD4D004291C1 /* Info.plist */ = {isa = PBXFileReference; lastKnownFileType = text.plist.xml; name = Info.plist; path = "tech-matcher/Info.plist"; sourceTree = "<group>"; };
		99B0C5031F66B7D300347235 /* LoginViewController.swift */ = {isa = PBXFileReference; fileEncoding = 4; lastKnownFileType = sourcecode.swift; path = LoginViewController.swift; sourceTree = "<group>"; };
		99DA77DA1F66B4F2009D96FE /* GoogleService-Info.plist */ = {isa = PBXFileReference; fileEncoding = 4; lastKnownFileType = text.plist.xml; name = "GoogleService-Info.plist"; path = "tech-matcher/GoogleService-Info.plist"; sourceTree = "<group>"; };
		E9EE0669935E24175C3C6F69 /* Pods-tech-matcher.debug.xcconfig */ = {isa = PBXFileReference; includeInIndex = 1; lastKnownFileType = text.xcconfig; name = "Pods-tech-matcher.debug.xcconfig"; path = "Pods/Target Support Files/Pods-tech-matcher/Pods-tech-matcher.debug.xcconfig"; sourceTree = "<group>"; };
/* End PBXFileReference section */

/* Begin PBXFrameworksBuildPhase section */
		996C20F41F66AD4D004291C1 /* Frameworks */ = {
			isa = PBXFrameworksBuildPhase;
			buildActionMask = 2147483647;
			files = (
				C2E4478FAEAD9DC9416395B3 /* Pods_tech_matcher.framework in Frameworks */,
			);
			runOnlyForDeploymentPostprocessing = 0;
		};
/* End PBXFrameworksBuildPhase section */

/* Begin PBXGroup section */
		0D36200099291D718E4B9A86 /* Frameworks */ = {
			isa = PBXGroup;
			children = (
				45526E6469A2A456183AA3B3 /* Pods_tech_matcher.framework */,
			);
			name = Frameworks;
			sourceTree = "<group>";
		};
		6BB21F32792AA97BA1212F07 /* Pods */ = {
			isa = PBXGroup;
			children = (
				E9EE0669935E24175C3C6F69 /* Pods-tech-matcher.debug.xcconfig */,
				0FAEE96F8B51903C0BE66C79 /* Pods-tech-matcher.release.xcconfig */,
			);
			name = Pods;
			sourceTree = "<group>";
		};
		9955056A1F66CB110019ECC5 /* Assets */ = {
			isa = PBXGroup;
			children = (
				99DA77DA1F66B4F2009D96FE /* GoogleService-Info.plist */,
				996C20FA1F66AD4D004291C1 /* AppDelegate.swift */,
				996C20FE1F66AD4D004291C1 /* Main.storyboard */,
				996C21011F66AD4D004291C1 /* Assets.xcassets */,
				996C21031F66AD4D004291C1 /* LaunchScreen.storyboard */,
				996C21061F66AD4D004291C1 /* Info.plist */,
				99593A491F6849DE001EE2E1 /* Constants.swift */,
			);
			name = Assets;
			path = ..;
			sourceTree = "<group>";
		};
		9955056B1F66CB2B0019ECC5 /* Model */ = {
			isa = PBXGroup;
			children = (
				995505681F66CAA50019ECC5 /* TMUser.swift */,
				9955056E1F66F1880019ECC5 /* MatchesStorage.swift */,
				995505701F66F2020019ECC5 /* Match.swift */,
				995505721F66F5720019ECC5 /* ChatStorage.swift */,
				995505741F66FE4A0019ECC5 /* LocationService.swift */,
				99593A471F6824AA001EE2E1 /* FinderDatasource.swift */,
			);
			name = Model;
			sourceTree = "<group>";
		};
		996C20EE1F66AD4D004291C1 = {
			isa = PBXGroup;
			children = (
				996C20F91F66AD4D004291C1 /* tech-matcher */,
				996C20F81F66AD4D004291C1 /* Products */,
				6BB21F32792AA97BA1212F07 /* Pods */,
				0D36200099291D718E4B9A86 /* Frameworks */,
			);
			sourceTree = "<group>";
		};
		996C20F81F66AD4D004291C1 /* Products */ = {
			isa = PBXGroup;
			children = (
				996C20F71F66AD4D004291C1 /* tech-matcher.app */,
			);
			name = Products;
			sourceTree = "<group>";
		};
		996C20F91F66AD4D004291C1 /* tech-matcher */ = {
			isa = PBXGroup;
			children = (
				9955056A1F66CB110019ECC5 /* Assets */,
				9955056B1F66CB2B0019ECC5 /* Model */,
				99B0C5021F66B7BA00347235 /* View */,
				99B0C5011F66B7B500347235 /* Controller */,
			);
			path = "tech-matcher";
			sourceTree = "<group>";
		};
		99B0C5011F66B7B500347235 /* Controller */ = {
			isa = PBXGroup;
			children = (
				99B0C5031F66B7D300347235 /* LoginViewController.swift */,
				995505621F66C3710019ECC5 /* FinderViewController.swift */,
				995505601F66C3570019ECC5 /* SettingsViewController.swift */,
				995505641F66C37B0019ECC5 /* MatchesViewController.swift */,
				995505661F66C3820019ECC5 /* ChatViewController.swift */,
				9955056C1F66CCBC0019ECC5 /* TopicsSelectionTableViewController.swift */,
			);
			name = Controller;
			sourceTree = "<group>";
		};
		99B0C5021F66B7BA00347235 /* View */ = {
			isa = PBXGroup;
			children = (
				995505761F6709810019ECC5 /* ChatTableViewCell.swift */,
				995505781F670A510019ECC5 /* MatchesTableViewCell.swift */,
				99593A451F67E47C001EE2E1 /* UIImageView+Rounded.swift */,
				99593A4B1F684C60001EE2E1 /* UIUtils.swift */,
			);
			name = View;
			sourceTree = "<group>";
		};
/* End PBXGroup section */

/* Begin PBXNativeTarget section */
		996C20F61F66AD4D004291C1 /* tech-matcher */ = {
			isa = PBXNativeTarget;
			buildConfigurationList = 996C21091F66AD4D004291C1 /* Build configuration list for PBXNativeTarget "tech-matcher" */;
			buildPhases = (
				71B93610A019C7A93D7216F8 /* [CP] Check Pods Manifest.lock */,
				996C20F31F66AD4D004291C1 /* Sources */,
				996C20F41F66AD4D004291C1 /* Frameworks */,
				996C20F51F66AD4D004291C1 /* Resources */,
				2761B8B9A50588EC99787EDC /* [CP] Embed Pods Frameworks */,
				6124253BE7AF306E955034C2 /* [CP] Copy Pods Resources */,
			);
			buildRules = (
			);
			dependencies = (
			);
			name = "tech-matcher";
			productName = "tech-matcher";
			productReference = 996C20F71F66AD4D004291C1 /* tech-matcher.app */;
			productType = "com.apple.product-type.application";
		};
/* End PBXNativeTarget section */

/* Begin PBXProject section */
		996C20EF1F66AD4D004291C1 /* Project object */ = {
			isa = PBXProject;
			attributes = {
				LastSwiftUpdateCheck = 0830;
				LastUpgradeCheck = 0830;
				ORGANIZATIONNAME = "Danilo Gomes";
				TargetAttributes = {
					996C20F61F66AD4D004291C1 = {
						CreatedOnToolsVersion = 8.3.3;
						ProvisioningStyle = Automatic;
					};
				};
			};
			buildConfigurationList = 996C20F21F66AD4D004291C1 /* Build configuration list for PBXProject "tech-matcher" */;
			compatibilityVersion = "Xcode 3.2";
			developmentRegion = English;
			hasScannedForEncodings = 0;
			knownRegions = (
				en,
				Base,
			);
			mainGroup = 996C20EE1F66AD4D004291C1;
			productRefGroup = 996C20F81F66AD4D004291C1 /* Products */;
			projectDirPath = "";
			projectRoot = "";
			targets = (
				996C20F61F66AD4D004291C1 /* tech-matcher */,
			);
		};
/* End PBXProject section */

/* Begin PBXResourcesBuildPhase section */
		996C20F51F66AD4D004291C1 /* Resources */ = {
			isa = PBXResourcesBuildPhase;
			buildActionMask = 2147483647;
			files = (
				996C21051F66AD4D004291C1 /* LaunchScreen.storyboard in Resources */,
				99DA77DB1F66B4F2009D96FE /* GoogleService-Info.plist in Resources */,
				996C21021F66AD4D004291C1 /* Assets.xcassets in Resources */,
				996C21001F66AD4D004291C1 /* Main.storyboard in Resources */,
			);
			runOnlyForDeploymentPostprocessing = 0;
		};
/* End PBXResourcesBuildPhase section */

/* Begin PBXShellScriptBuildPhase section */
		2761B8B9A50588EC99787EDC /* [CP] Embed Pods Frameworks */ = {
			isa = PBXShellScriptBuildPhase;
			buildActionMask = 2147483647;
			files = (
			);
			inputPaths = (
				"${SRCROOT}/Pods/Target Support Files/Pods-tech-matcher/Pods-tech-matcher-frameworks.sh",
				"${BUILT_PRODUCTS_DIR}/GTMSessionFetcher/GTMSessionFetcher.framework",
				"${BUILT_PRODUCTS_DIR}/GoogleToolboxForMac/GoogleToolboxForMac.framework",
				"${BUILT_PRODUCTS_DIR}/Protobuf/Protobuf.framework",
			);
			name = "[CP] Embed Pods Frameworks";
			outputPaths = (
				"${TARGET_BUILD_DIR}/${FRAMEWORKS_FOLDER_PATH}/GTMSessionFetcher.framework",
				"${TARGET_BUILD_DIR}/${FRAMEWORKS_FOLDER_PATH}/GoogleToolboxForMac.framework",
				"${TARGET_BUILD_DIR}/${FRAMEWORKS_FOLDER_PATH}/Protobuf.framework",
			);
			runOnlyForDeploymentPostprocessing = 0;
			shellPath = /bin/sh;
			shellScript = "\"${SRCROOT}/Pods/Target Support Files/Pods-tech-matcher/Pods-tech-matcher-frameworks.sh\"\n";
			showEnvVarsInLog = 0;
		};
		6124253BE7AF306E955034C2 /* [CP] Copy Pods Resources */ = {
			isa = PBXShellScriptBuildPhase;
			buildActionMask = 2147483647;
			files = (
			);
			inputPaths = (
				"${SRCROOT}/Pods/Target Support Files/Pods-tech-matcher/Pods-tech-matcher-resources.sh",
				"${PODS_ROOT}/FirebaseUI/FirebaseUIFrameworks/FirebaseAuthUI/Frameworks/FirebaseAuthUI.framework/FUIAccountSettingsViewController.nib",
				"${PODS_ROOT}/FirebaseUI/FirebaseUIFrameworks/FirebaseAuthUI/Frameworks/FirebaseAuthUI.framework/FUIAuthPickerViewController.nib",
				"${PODS_ROOT}/FirebaseUI/FirebaseUIFrameworks/FirebaseAuthUI/Frameworks/FirebaseAuthUI.framework/FUIAuthTableViewCell.nib",
				"${PODS_ROOT}/FirebaseUI/FirebaseUIFrameworks/FirebaseAuthUI/Frameworks/FirebaseAuthUI.framework/FUIEmailEntryViewController.nib",
				"${PODS_ROOT}/FirebaseUI/FirebaseUIFrameworks/FirebaseAuthUI/Frameworks/FirebaseAuthUI.framework/FUIInputTableViewCell.nib",
				"${PODS_ROOT}/FirebaseUI/FirebaseUIFrameworks/FirebaseAuthUI/Frameworks/FirebaseAuthUI.framework/FUIPasswordRecoveryViewController.nib",
				"${PODS_ROOT}/FirebaseUI/FirebaseUIFrameworks/FirebaseAuthUI/Frameworks/FirebaseAuthUI.framework/FUIPasswordSignInViewController.nib",
				"${PODS_ROOT}/FirebaseUI/FirebaseUIFrameworks/FirebaseAuthUI/Frameworks/FirebaseAuthUI.framework/FUIPasswordSignUpViewController.nib",
				"${PODS_ROOT}/FirebaseUI/FirebaseUIFrameworks/FirebaseAuthUI/Frameworks/FirebaseAuthUI.framework/FUIPasswordTableViewCell.nib",
				"${PODS_ROOT}/FirebaseUI/FirebaseUIFrameworks/FirebaseAuthUI/Frameworks/FirebaseAuthUI.framework/FUIPasswordVerificationViewController.nib",
				"${PODS_ROOT}/FirebaseUI/FirebaseUIFrameworks/FirebaseAuthUI/Frameworks/FirebaseAuthUI.framework/FUIStaticContentTableViewController.nib",
				"${PODS_ROOT}/FirebaseUI/FirebaseUIFrameworks/FirebaseAuthUI/Frameworks/FirebaseAuthUI.framework/ic_email.png",
				"${PODS_ROOT}/FirebaseUI/FirebaseUIFrameworks/FirebaseAuthUI/Frameworks/FirebaseAuthUI.framework/ic_email@2x.png",
				"${PODS_ROOT}/FirebaseUI/FirebaseUIFrameworks/FirebaseAuthUI/Frameworks/FirebaseAuthUI.framework/ic_email@3x.png",
				"${PODS_ROOT}/FirebaseUI/FirebaseUIFrameworks/FirebaseAuthUI/Frameworks/FirebaseAuthUI.framework/ic_visibility.png",
				"${PODS_ROOT}/FirebaseUI/FirebaseUIFrameworks/FirebaseAuthUI/Frameworks/FirebaseAuthUI.framework/ic_visibility@2x.png",
				"${PODS_ROOT}/FirebaseUI/FirebaseUIFrameworks/FirebaseAuthUI/Frameworks/FirebaseAuthUI.framework/ic_visibility@3x.png",
				"${PODS_ROOT}/FirebaseUI/FirebaseUIFrameworks/FirebaseAuthUI/Frameworks/FirebaseAuthUI.framework/ic_visibility_off.png",
				"${PODS_ROOT}/FirebaseUI/FirebaseUIFrameworks/FirebaseAuthUI/Frameworks/FirebaseAuthUI.framework/ic_visibility_off@2x.png",
				"${PODS_ROOT}/FirebaseUI/FirebaseUIFrameworks/FirebaseAuthUI/Frameworks/FirebaseAuthUI.framework/ic_visibility_off@3x.png",
				"${PODS_ROOT}/FirebaseUI/FirebaseUIFrameworks/FirebaseAuthUI/Frameworks/FirebaseAuthUI.framework/ar.lproj",
				"${PODS_ROOT}/FirebaseUI/FirebaseUIFrameworks/FirebaseAuthUI/Frameworks/FirebaseAuthUI.framework/de.lproj",
				"${PODS_ROOT}/FirebaseUI/FirebaseUIFrameworks/FirebaseAuthUI/Frameworks/FirebaseAuthUI.framework/en-GB.lproj",
				"${PODS_ROOT}/FirebaseUI/FirebaseUIFrameworks/FirebaseAuthUI/Frameworks/FirebaseAuthUI.framework/en.lproj",
				"${PODS_ROOT}/FirebaseUI/FirebaseUIFrameworks/FirebaseAuthUI/Frameworks/FirebaseAuthUI.framework/es-419.lproj",
				"${PODS_ROOT}/FirebaseUI/FirebaseUIFrameworks/FirebaseAuthUI/Frameworks/FirebaseAuthUI.framework/es-ES.lproj",
				"${PODS_ROOT}/FirebaseUI/FirebaseUIFrameworks/FirebaseAuthUI/Frameworks/FirebaseAuthUI.framework/fr.lproj",
				"${PODS_ROOT}/FirebaseUI/FirebaseUIFrameworks/FirebaseAuthUI/Frameworks/FirebaseAuthUI.framework/it.lproj",
				"${PODS_ROOT}/FirebaseUI/FirebaseUIFrameworks/FirebaseAuthUI/Frameworks/FirebaseAuthUI.framework/ja.lproj",
				"${PODS_ROOT}/FirebaseUI/FirebaseUIFrameworks/FirebaseAuthUI/Frameworks/FirebaseAuthUI.framework/ko.lproj",
				"${PODS_ROOT}/FirebaseUI/FirebaseUIFrameworks/FirebaseAuthUI/Frameworks/FirebaseAuthUI.framework/nl.lproj",
				"${PODS_ROOT}/FirebaseUI/FirebaseUIFrameworks/FirebaseAuthUI/Frameworks/FirebaseAuthUI.framework/pl.lproj",
				"${PODS_ROOT}/FirebaseUI/FirebaseUIFrameworks/FirebaseAuthUI/Frameworks/FirebaseAuthUI.framework/pt-BR.lproj",
				"${PODS_ROOT}/FirebaseUI/FirebaseUIFrameworks/FirebaseAuthUI/Frameworks/FirebaseAuthUI.framework/ru.lproj",
				"${PODS_ROOT}/FirebaseUI/FirebaseUIFrameworks/FirebaseAuthUI/Frameworks/FirebaseAuthUI.framework/th.lproj",
				"${PODS_ROOT}/FirebaseUI/FirebaseUIFrameworks/FirebaseAuthUI/Frameworks/FirebaseAuthUI.framework/tr.lproj",
				"${PODS_ROOT}/FirebaseUI/FirebaseUIFrameworks/FirebaseAuthUI/Frameworks/FirebaseAuthUI.framework/zh-Hans.lproj",
				"${PODS_ROOT}/FirebaseUI/FirebaseUIFrameworks/FirebaseAuthUI/Frameworks/FirebaseAuthUI.framework/zh-Hant.lproj",
			);
			name = "[CP] Copy Pods Resources";
			outputPaths = (
				"${TARGET_BUILD_DIR}/${UNLOCALIZED_RESOURCES_FOLDER_PATH}",
			);
			runOnlyForDeploymentPostprocessing = 0;
			shellPath = /bin/sh;
			shellScript = "\"${SRCROOT}/Pods/Target Support Files/Pods-tech-matcher/Pods-tech-matcher-resources.sh\"\n";
			showEnvVarsInLog = 0;
		};
		71B93610A019C7A93D7216F8 /* [CP] Check Pods Manifest.lock */ = {
			isa = PBXShellScriptBuildPhase;
			buildActionMask = 2147483647;
			files = (
			);
			inputPaths = (
				"${PODS_PODFILE_DIR_PATH}/Podfile.lock",
				"${PODS_ROOT}/Manifest.lock",
			);
			name = "[CP] Check Pods Manifest.lock";
			outputPaths = (
				"$(DERIVED_FILE_DIR)/Pods-tech-matcher-checkManifestLockResult.txt",
			);
			runOnlyForDeploymentPostprocessing = 0;
			shellPath = /bin/sh;
			shellScript = "diff \"${PODS_PODFILE_DIR_PATH}/Podfile.lock\" \"${PODS_ROOT}/Manifest.lock\" > /dev/null\nif [ $? != 0 ] ; then\n    # print error to STDERR\n    echo \"error: The sandbox is not in sync with the Podfile.lock. Run 'pod install' or update your CocoaPods installation.\" >&2\n    exit 1\nfi\n# This output is used by Xcode 'outputs' to avoid re-running this script phase.\necho \"SUCCESS\" > \"${SCRIPT_OUTPUT_FILE_0}\"\n";
			showEnvVarsInLog = 0;
		};
/* End PBXShellScriptBuildPhase section */

/* Begin PBXSourcesBuildPhase section */
		996C20F31F66AD4D004291C1 /* Sources */ = {
			isa = PBXSourcesBuildPhase;
			buildActionMask = 2147483647;
			files = (
				995505651F66C37B0019ECC5 /* MatchesViewController.swift in Sources */,
				99593A4A1F6849DE001EE2E1 /* Constants.swift in Sources */,
				99B0C5041F66B7D300347235 /* LoginViewController.swift in Sources */,
				9955056D1F66CCBC0019ECC5 /* TopicsSelectionTableViewController.swift in Sources */,
				995505711F66F2020019ECC5 /* Match.swift in Sources */,
				99593A481F6824AA001EE2E1 /* FinderDatasource.swift in Sources */,
				995505671F66C3820019ECC5 /* ChatViewController.swift in Sources */,
				995505791F670A510019ECC5 /* MatchesTableViewCell.swift in Sources */,
				995505611F66C3570019ECC5 /* SettingsViewController.swift in Sources */,
				995505631F66C3710019ECC5 /* FinderViewController.swift in Sources */,
				995505731F66F5720019ECC5 /* ChatStorage.swift in Sources */,
				9955056F1F66F1880019ECC5 /* MatchesStorage.swift in Sources */,
				996C20FB1F66AD4D004291C1 /* AppDelegate.swift in Sources */,
				99593A461F67E47C001EE2E1 /* UIImageView+Rounded.swift in Sources */,
				995505751F66FE4A0019ECC5 /* LocationService.swift in Sources */,
				99593A4C1F684C60001EE2E1 /* UIUtils.swift in Sources */,
				995505771F6709810019ECC5 /* ChatTableViewCell.swift in Sources */,
				995505691F66CAA50019ECC5 /* TMUser.swift in Sources */,
			);
			runOnlyForDeploymentPostprocessing = 0;
		};
/* End PBXSourcesBuildPhase section */

/* Begin PBXVariantGroup section */
		996C20FE1F66AD4D004291C1 /* Main.storyboard */ = {
			isa = PBXVariantGroup;
			children = (
				996C20FF1F66AD4D004291C1 /* Base */,
			);
			name = Main.storyboard;
			path = "tech-matcher";
			sourceTree = "<group>";
		};
		996C21031F66AD4D004291C1 /* LaunchScreen.storyboard */ = {
			isa = PBXVariantGroup;
			children = (
				996C21041F66AD4D004291C1 /* Base */,
			);
			name = LaunchScreen.storyboard;
			path = "tech-matcher";
			sourceTree = "<group>";
		};
/* End PBXVariantGroup section */

/* Begin XCBuildConfiguration section */
		996C21071F66AD4D004291C1 /* Debug */ = {
			isa = XCBuildConfiguration;
			buildSettings = {
				ALWAYS_SEARCH_USER_PATHS = NO;
				CLANG_ANALYZER_NONNULL = YES;
				CLANG_ANALYZER_NUMBER_OBJECT_CONVERSION = YES_AGGRESSIVE;
				CLANG_CXX_LANGUAGE_STANDARD = "gnu++0x";
				CLANG_CXX_LIBRARY = "libc++";
				CLANG_ENABLE_MODULES = YES;
				CLANG_ENABLE_OBJC_ARC = YES;
				CLANG_WARN_BOOL_CONVERSION = YES;
				CLANG_WARN_CONSTANT_CONVERSION = YES;
				CLANG_WARN_DIRECT_OBJC_ISA_USAGE = YES_ERROR;
				CLANG_WARN_DOCUMENTATION_COMMENTS = YES;
				CLANG_WARN_EMPTY_BODY = YES;
				CLANG_WARN_ENUM_CONVERSION = YES;
				CLANG_WARN_INFINITE_RECURSION = YES;
				CLANG_WARN_INT_CONVERSION = YES;
				CLANG_WARN_OBJC_ROOT_CLASS = YES_ERROR;
				CLANG_WARN_SUSPICIOUS_MOVE = YES;
				CLANG_WARN_UNREACHABLE_CODE = YES;
				CLANG_WARN__DUPLICATE_METHOD_MATCH = YES;
				"CODE_SIGN_IDENTITY[sdk=iphoneos*]" = "iPhone Developer";
				COPY_PHASE_STRIP = NO;
				DEBUG_INFORMATION_FORMAT = dwarf;
				ENABLE_STRICT_OBJC_MSGSEND = YES;
				ENABLE_TESTABILITY = YES;
				GCC_C_LANGUAGE_STANDARD = gnu99;
				GCC_DYNAMIC_NO_PIC = NO;
				GCC_NO_COMMON_BLOCKS = YES;
				GCC_OPTIMIZATION_LEVEL = 0;
				GCC_PREPROCESSOR_DEFINITIONS = (
					"DEBUG=1",
					"$(inherited)",
				);
				GCC_WARN_64_TO_32_BIT_CONVERSION = YES;
				GCC_WARN_ABOUT_RETURN_TYPE = YES_ERROR;
				GCC_WARN_UNDECLARED_SELECTOR = YES;
				GCC_WARN_UNINITIALIZED_AUTOS = YES_AGGRESSIVE;
				GCC_WARN_UNUSED_FUNCTION = YES;
				GCC_WARN_UNUSED_VARIABLE = YES;
				IPHONEOS_DEPLOYMENT_TARGET = 10.3;
				MTL_ENABLE_DEBUG_INFO = YES;
				ONLY_ACTIVE_ARCH = YES;
				SDKROOT = iphoneos;
				SWIFT_ACTIVE_COMPILATION_CONDITIONS = DEBUG;
				SWIFT_OPTIMIZATION_LEVEL = "-Onone";
				TARGETED_DEVICE_FAMILY = "1,2";
			};
			name = Debug;
		};
		996C21081F66AD4D004291C1 /* Release */ = {
			isa = XCBuildConfiguration;
			buildSettings = {
				ALWAYS_SEARCH_USER_PATHS = NO;
				CLANG_ANALYZER_NONNULL = YES;
				CLANG_ANALYZER_NUMBER_OBJECT_CONVERSION = YES_AGGRESSIVE;
				CLANG_CXX_LANGUAGE_STANDARD = "gnu++0x";
				CLANG_CXX_LIBRARY = "libc++";
				CLANG_ENABLE_MODULES = YES;
				CLANG_ENABLE_OBJC_ARC = YES;
				CLANG_WARN_BOOL_CONVERSION = YES;
				CLANG_WARN_CONSTANT_CONVERSION = YES;
				CLANG_WARN_DIRECT_OBJC_ISA_USAGE = YES_ERROR;
				CLANG_WARN_DOCUMENTATION_COMMENTS = YES;
				CLANG_WARN_EMPTY_BODY = YES;
				CLANG_WARN_ENUM_CONVERSION = YES;
				CLANG_WARN_INFINITE_RECURSION = YES;
				CLANG_WARN_INT_CONVERSION = YES;
				CLANG_WARN_OBJC_ROOT_CLASS = YES_ERROR;
				CLANG_WARN_SUSPICIOUS_MOVE = YES;
				CLANG_WARN_UNREACHABLE_CODE = YES;
				CLANG_WARN__DUPLICATE_METHOD_MATCH = YES;
				"CODE_SIGN_IDENTITY[sdk=iphoneos*]" = "iPhone Developer";
				COPY_PHASE_STRIP = NO;
				DEBUG_INFORMATION_FORMAT = "dwarf-with-dsym";
				ENABLE_NS_ASSERTIONS = NO;
				ENABLE_STRICT_OBJC_MSGSEND = YES;
				GCC_C_LANGUAGE_STANDARD = gnu99;
				GCC_NO_COMMON_BLOCKS = YES;
				GCC_WARN_64_TO_32_BIT_CONVERSION = YES;
				GCC_WARN_ABOUT_RETURN_TYPE = YES_ERROR;
				GCC_WARN_UNDECLARED_SELECTOR = YES;
				GCC_WARN_UNINITIALIZED_AUTOS = YES_AGGRESSIVE;
				GCC_WARN_UNUSED_FUNCTION = YES;
				GCC_WARN_UNUSED_VARIABLE = YES;
				IPHONEOS_DEPLOYMENT_TARGET = 10.3;
				MTL_ENABLE_DEBUG_INFO = NO;
				SDKROOT = iphoneos;
				SWIFT_OPTIMIZATION_LEVEL = "-Owholemodule";
				TARGETED_DEVICE_FAMILY = "1,2";
				VALIDATE_PRODUCT = YES;
			};
			name = Release;
		};
		996C210A1F66AD4D004291C1 /* Debug */ = {
			isa = XCBuildConfiguration;
			baseConfigurationReference = E9EE0669935E24175C3C6F69 /* Pods-tech-matcher.debug.xcconfig */;
			buildSettings = {
				ASSETCATALOG_COMPILER_APPICON_NAME = AppIcon;
				INFOPLIST_FILE = "tech-matcher/Info.plist";
				LD_RUNPATH_SEARCH_PATHS = "$(inherited) @executable_path/Frameworks";
				PRODUCT_BUNDLE_IDENTIFIER = "com.drsg.tech-matcher";
				PRODUCT_NAME = "$(TARGET_NAME)";
				SWIFT_VERSION = 3.0;
			};
			name = Debug;
		};
		996C210B1F66AD4D004291C1 /* Release */ = {
			isa = XCBuildConfiguration;
			baseConfigurationReference = 0FAEE96F8B51903C0BE66C79 /* Pods-tech-matcher.release.xcconfig */;
			buildSettings = {
				ASSETCATALOG_COMPILER_APPICON_NAME = AppIcon;
				INFOPLIST_FILE = "tech-matcher/Info.plist";
				LD_RUNPATH_SEARCH_PATHS = "$(inherited) @executable_path/Frameworks";
				PRODUCT_BUNDLE_IDENTIFIER = "com.drsg.tech-matcher";
				PRODUCT_NAME = "$(TARGET_NAME)";
				SWIFT_VERSION = 3.0;
			};
			name = Release;
		};
/* End XCBuildConfiguration section */

/* Begin XCConfigurationList section */
		996C20F21F66AD4D004291C1 /* Build configuration list for PBXProject "tech-matcher" */ = {
			isa = XCConfigurationList;
			buildConfigurations = (
				996C21071F66AD4D004291C1 /* Debug */,
				996C21081F66AD4D004291C1 /* Release */,
			);
			defaultConfigurationIsVisible = 0;
			defaultConfigurationName = Release;
		};
		996C21091F66AD4D004291C1 /* Build configuration list for PBXNativeTarget "tech-matcher" */ = {
			isa = XCConfigurationList;
			buildConfigurations = (
				996C210A1F66AD4D004291C1 /* Debug */,
				996C210B1F66AD4D004291C1 /* Release */,
			);
			defaultConfigurationIsVisible = 0;
			defaultConfigurationName = Release;
		};
/* End XCConfigurationList section */
	};
	rootObject = 996C20EF1F66AD4D004291C1 /* Project object */;
}
